
Microsoft Visual Studio Solution File, Format Version 12.00
# Visual Studio Version 17
VisualStudioVersion = 17.0.31903.59
MinimumVisualStudioVersion = 10.0.40219.1
Project("{2150E333-8FDC-42A3-9474-1A3956D46DE8}") = "src", "src", "{827E0CD3-B72D-47B6-A68D-7590B98EB39B}"
EndProject
Project("{FAE04EC0-301F-11D3-BF4B-00C04F79EFBC}") = "SafeWalk.Api", "src\SafeWalk.Api\SafeWalk.Api.csproj", "{ADDA235E-AF87-4BB2-8F60-0C2AAC8C45C6}"
EndProject
Project("{FAE04EC0-301F-11D3-BF4B-00C04F79EFBC}") = "SafeWalk.Domain", "src\SafeWalk.Domain\SafeWalk.Domain.csproj", "{F9A086CF-5325-4119-9E5B-C3762565BCF3}"
EndProject
Project("{FAE04EC0-301F-11D3-BF4B-00C04F79EFBC}") = "SafeWalk.Application", "src\SafeWalk.Application\SafeWalk.Application.csproj", "{CE280A69-D1D2-4AEA-A100-30E0FD5FAD96}"
EndProject
Project("{FAE04EC0-301F-11D3-BF4B-00C04F79EFBC}") = "SafeWalk.Infrastructure", "src\SafeWalk.Infrastructure\SafeWalk.Infrastructure.csproj", "{DF99185E-0BA8-4FFC-AB51-8AA6C4048AB4}"
EndProject
Project("{2150E333-8FDC-42A3-9474-1A3956D46DE8}") = "tests", "tests", "{0AB3BF05-4346-4AA6-1389-037BE0695223}"
EndProject
Project("{FAE04EC0-301F-11D3-BF4B-00C04F79EFBC}") = "SafeWalk.Api.Tests", "tests\SafeWalk.Api.Tests\SafeWalk.Api.Tests.csproj", "{29AB9296-61F5-418C-9A4F-C9CFAF0ECEA0}"
EndProject
Project("{FAE04EC0-301F-11D3-BF4B-00C04F79EFBC}") = "SafeWalk.Application.Tests", "tests\SafeWalk.Application.Tests\SafeWalk.Application.Tests.csproj", "{3A684B59-4721-4F53-BF9F-1DEB25AF7F82}"
EndProject
Global
	GlobalSection(SolutionConfigurationPlatforms) = preSolution
		Debug|Any CPU = Debug|Any CPU
		Debug|x64 = Debug|x64
		Debug|x86 = Debug|x86
		Release|Any CPU = Release|Any CPU
		Release|x64 = Release|x64
		Release|x86 = Release|x86
	EndGlobalSection
	GlobalSection(ProjectConfigurationPlatforms) = postSolution
		{ADDA235E-AF87-4BB2-8F60-0C2AAC8C45C6}.Debug|Any CPU.ActiveCfg = Debug|Any CPU
		{ADDA235E-AF87-4BB2-8F60-0C2AAC8C45C6}.Debug|Any CPU.Build.0 = Debug|Any CPU
		{ADDA235E-AF87-4BB2-8F60-0C2AAC8C45C6}.Debug|x64.ActiveCfg = Debug|Any CPU
		{ADDA235E-AF87-4BB2-8F60-0C2AAC8C45C6}.Debug|x64.Build.0 = Debug|Any CPU
		{ADDA235E-AF87-4BB2-8F60-0C2AAC8C45C6}.Debug|x86.ActiveCfg = Debug|Any CPU
		{ADDA235E-AF87-4BB2-8F60-0C2AAC8C45C6}.Debug|x86.Build.0 = Debug|Any CPU
		{ADDA235E-AF87-4BB2-8F60-0C2AAC8C45C6}.Release|Any CPU.ActiveCfg = Release|Any CPU
		{ADDA235E-AF87-4BB2-8F60-0C2AAC8C45C6}.Release|Any CPU.Build.0 = Release|Any CPU
		{ADDA235E-AF87-4BB2-8F60-0C2AAC8C45C6}.Release|x64.ActiveCfg = Release|Any CPU
		{ADDA235E-AF87-4BB2-8F60-0C2AAC8C45C6}.Release|x64.Build.0 = Release|Any CPU
		{ADDA235E-AF87-4BB2-8F60-0C2AAC8C45C6}.Release|x86.ActiveCfg = Release|Any CPU
		{ADDA235E-AF87-4BB2-8F60-0C2AAC8C45C6}.Release|x86.Build.0 = Release|Any CPU
		{F9A086CF-5325-4119-9E5B-C3762565BCF3}.Debug|Any CPU.ActiveCfg = Debug|Any CPU
		{F9A086CF-5325-4119-9E5B-C3762565BCF3}.Debug|Any CPU.Build.0 = Debug|Any CPU
		{F9A086CF-5325-4119-9E5B-C3762565BCF3}.Debug|x64.ActiveCfg = Debug|Any CPU
		{F9A086CF-5325-4119-9E5B-C3762565BCF3}.Debug|x64.Build.0 = Debug|Any CPU
		{F9A086CF-5325-4119-9E5B-C3762565BCF3}.Debug|x86.ActiveCfg = Debug|Any CPU
		{F9A086CF-5325-4119-9E5B-C3762565BCF3}.Debug|x86.Build.0 = Debug|Any CPU
		{F9A086CF-5325-4119-9E5B-C3762565BCF3}.Release|Any CPU.ActiveCfg = Release|Any CPU
		{F9A086CF-5325-4119-9E5B-C3762565BCF3}.Release|Any CPU.Build.0 = Release|Any CPU
		{F9A086CF-5325-4119-9E5B-C3762565BCF3}.Release|x64.ActiveCfg = Release|Any CPU
		{F9A086CF-5325-4119-9E5B-C3762565BCF3}.Release|x64.Build.0 = Release|Any CPU
		{F9A086CF-5325-4119-9E5B-C3762565BCF3}.Release|x86.ActiveCfg = Release|Any CPU
		{F9A086CF-5325-4119-9E5B-C3762565BCF3}.Release|x86.Build.0 = Release|Any CPU
		{CE280A69-D1D2-4AEA-A100-30E0FD5FAD96}.Debug|Any CPU.ActiveCfg = Debug|Any CPU
		{CE280A69-D1D2-4AEA-A100-30E0FD5FAD96}.Debug|Any CPU.Build.0 = Debug|Any CPU
		{CE280A69-D1D2-4AEA-A100-30E0FD5FAD96}.Debug|x64.ActiveCfg = Debug|Any CPU
		{CE280A69-D1D2-4AEA-A100-30E0FD5FAD96}.Debug|x64.Build.0 = Debug|Any CPU
		{CE280A69-D1D2-4AEA-A100-30E0FD5FAD96}.Debug|x86.ActiveCfg = Debug|Any CPU
		{CE280A69-D1D2-4AEA-A100-30E0FD5FAD96}.Debug|x86.Build.0 = Debug|Any CPU
		{CE280A69-D1D2-4AEA-A100-30E0FD5FAD96}.Release|Any CPU.ActiveCfg = Release|Any CPU
		{CE280A69-D1D2-4AEA-A100-30E0FD5FAD96}.Release|Any CPU.Build.0 = Release|Any CPU
		{CE280A69-D1D2-4AEA-A100-30E0FD5FAD96}.Release|x64.ActiveCfg = Release|Any CPU
		{CE280A69-D1D2-4AEA-A100-30E0FD5FAD96}.Release|x64.Build.0 = Release|Any CPU
		{CE280A69-D1D2-4AEA-A100-30E0FD5FAD96}.Release|x86.ActiveCfg = Release|Any CPU
		{CE280A69-D1D2-4AEA-A100-30E0FD5FAD96}.Release|x86.Build.0 = Release|Any CPU
		{DF99185E-0BA8-4FFC-AB51-8AA6C4048AB4}.Debug|Any CPU.ActiveCfg = Debug|Any CPU
		{DF99185E-0BA8-4FFC-AB51-8AA6C4048AB4}.Debug|Any CPU.Build.0 = Debug|Any CPU
		{DF99185E-0BA8-4FFC-AB51-8AA6C4048AB4}.Debug|x64.ActiveCfg = Debug|Any CPU
		{DF99185E-0BA8-4FFC-AB51-8AA6C4048AB4}.Debug|x64.Build.0 = Debug|Any CPU
		{DF99185E-0BA8-4FFC-AB51-8AA6C4048AB4}.Debug|x86.ActiveCfg = Debug|Any CPU
		{DF99185E-0BA8-4FFC-AB51-8AA6C4048AB4}.Debug|x86.Build.0 = Debug|Any CPU
		{DF99185E-0BA8-4FFC-AB51-8AA6C4048AB4}.Release|Any CPU.ActiveCfg = Release|Any CPU
		{DF99185E-0BA8-4FFC-AB51-8AA6C4048AB4}.Release|Any CPU.Build.0 = Release|Any CPU
		{DF99185E-0BA8-4FFC-AB51-8AA6C4048AB4}.Release|x64.ActiveCfg = Release|Any CPU
		{DF99185E-0BA8-4FFC-AB51-8AA6C4048AB4}.Release|x64.Build.0 = Release|Any CPU
		{DF99185E-0BA8-4FFC-AB51-8AA6C4048AB4}.Release|x86.ActiveCfg = Release|Any CPU
		{DF99185E-0BA8-4FFC-AB51-8AA6C4048AB4}.Release|x86.Build.0 = Release|Any CPU
		{29AB9296-61F5-418C-9A4F-C9CFAF0ECEA0}.Debug|Any CPU.ActiveCfg = Debug|Any CPU
		{29AB9296-61F5-418C-9A4F-C9CFAF0ECEA0}.Debug|Any CPU.Build.0 = Debug|Any CPU
		{29AB9296-61F5-418C-9A4F-C9CFAF0ECEA0}.Debug|x64.ActiveCfg = Debug|Any CPU
		{29AB9296-61F5-418C-9A4F-C9CFAF0ECEA0}.Debug|x64.Build.0 = Debug|Any CPU
		{29AB9296-61F5-418C-9A4F-C9CFAF0ECEA0}.Debug|x86.ActiveCfg = Debug|Any CPU
		{29AB9296-61F5-418C-9A4F-C9CFAF0ECEA0}.Debug|x86.Build.0 = Debug|Any CPU
		{29AB9296-61F5-418C-9A4F-C9CFAF0ECEA0}.Release|Any CPU.ActiveCfg = Release|Any CPU
		{29AB9296-61F5-418C-9A4F-C9CFAF0ECEA0}.Release|Any CPU.Build.0 = Release|Any CPU
		{29AB9296-61F5-418C-9A4F-C9CFAF0ECEA0}.Release|x64.ActiveCfg = Release|Any CPU
		{29AB9296-61F5-418C-9A4F-C9CFAF0ECEA0}.Release|x64.Build.0 = Release|Any CPU
		{29AB9296-61F5-418C-9A4F-C9CFAF0ECEA0}.Release|x86.ActiveCfg = Release|Any CPU
		{29AB9296-61F5-418C-9A4F-C9CFAF0ECEA0}.Release|x86.Build.0 = Release|Any CPU
		{3A684B59-4721-4F53-BF9F-1DEB25AF7F82}.Debug|Any CPU.ActiveCfg = Debug|Any CPU
		{3A684B59-4721-4F53-BF9F-1DEB25AF7F82}.Debug|Any CPU.Build.0 = Debug|Any CPU
		{3A684B59-4721-4F53-BF9F-1DEB25AF7F82}.Debug|x64.ActiveCfg = Debug|Any CPU
		{3A684B59-4721-4F53-BF9F-1DEB25AF7F82}.Debug|x64.Build.0 = Debug|Any CPU
		{3A684B59-4721-4F53-BF9F-1DEB25AF7F82}.Debug|x86.ActiveCfg = Debug|Any CPU
		{3A684B59-4721-4F53-BF9F-1DEB25AF7F82}.Debug|x86.Build.0 = Debug|Any CPU
		{3A684B59-4721-4F53-BF9F-1DEB25AF7F82}.Release|Any CPU.ActiveCfg = Release|Any CPU
		{3A684B59-4721-4F53-BF9F-1DEB25AF7F82}.Release|Any CPU.Build.0 = Release|Any CPU
		{3A684B59-4721-4F53-BF9F-1DEB25AF7F82}.Release|x64.ActiveCfg = Release|Any CPU
		{3A684B59-4721-4F53-BF9F-1DEB25AF7F82}.Release|x64.Build.0 = Release|Any CPU
		{3A684B59-4721-4F53-BF9F-1DEB25AF7F82}.Release|x86.ActiveCfg = Release|Any CPU
		{3A684B59-4721-4F53-BF9F-1DEB25AF7F82}.Release|x86.Build.0 = Release|Any CPU
	EndGlobalSection
	GlobalSection(SolutionProperties) = preSolution
		HideSolutionNode = FALSE
	EndGlobalSection
	GlobalSection(NestedProjects) = preSolution
		{ADDA235E-AF87-4BB2-8F60-0C2AAC8C45C6} = {827E0CD3-B72D-47B6-A68D-7590B98EB39B}
		{F9A086CF-5325-4119-9E5B-C3762565BCF3} = {827E0CD3-B72D-47B6-A68D-7590B98EB39B}
		{CE280A69-D1D2-4AEA-A100-30E0FD5FAD96} = {827E0CD3-B72D-47B6-A68D-7590B98EB39B}
		{DF99185E-0BA8-4FFC-AB51-8AA6C4048AB4} = {827E0CD3-B72D-47B6-A68D-7590B98EB39B}
		{29AB9296-61F5-418C-9A4F-C9CFAF0ECEA0} = {0AB3BF05-4346-4AA6-1389-037BE0695223}
		{3A684B59-4721-4F53-BF9F-1DEB25AF7F82} = {0AB3BF05-4346-4AA6-1389-037BE0695223}
	EndGlobalSection
EndGlobal
